
Microsoft Visual Studio Solution File, Format Version 12.00
# Visual Studio Version 17
VisualStudioVersion = 17.4.33122.133
MinimumVisualStudioVersion = 10.0.40219.1
Project("{8BC9CEB8-8B4A-11D0-8D11-00A0C91BC942}") = "Day 2 Challenge 1", "Day 2 Challenge 1\Day 2 Challenge 1.vcxproj", "{86649AB6-D5B6-476A-B5D2-C3B90536D965}"
EndProject
Project("{8BC9CEB8-8B4A-11D0-8D11-00A0C91BC942}") = "Day 2 Challenge 2", "Day 2 Challenge 2\Day 2 Challenge 2.vcxproj", "{230C1B28-CABB-4FB8-BB59-86B9DD3CF3FB}"
EndProject
Project("{8BC9CEB8-8B4A-11D0-8D11-00A0C91BC942}") = "Day 3 Challenge 1", "Day 3 Challenge 1\Day 3 Challenge 1.vcxproj", "{D63EC2C8-C1E0-49E2-B806-8690882F9C3B}"
EndProject
Project("{8BC9CEB8-8B4A-11D0-8D11-00A0C91BC942}") = "Day 3 Challenge 2", "Day 3 Challenge 2\Day 3 Challenge 2.vcxproj", "{6ECE914A-3907-4A57-8F2E-26A1672FBB51}"
EndProject
Project("{8BC9CEB8-8B4A-11D0-8D11-00A0C91BC942}") = "Day 4 Challenge 1", "Day 4 Challenge 1\Day 4 Challenge 1.vcxproj", "{02B9BDA6-4E8E-40EF-91E5-F3EDC1867C68}"
EndProject
Project("{8BC9CEB8-8B4A-11D0-8D11-00A0C91BC942}") = "Day 4 Challenge 2", "Day 4 Challenge 2\Day 4 Challenge 2.vcxproj", "{0A36E455-8756-466F-A906-5A3C4C54F9E0}"
EndProject
Global
	GlobalSection(SolutionConfigurationPlatforms) = preSolution
		Debug|x64 = Debug|x64
		Debug|x86 = Debug|x86
		Release|x64 = Release|x64
		Release|x86 = Release|x86
	EndGlobalSection
	GlobalSection(ProjectConfigurationPlatforms) = postSolution
		{86649AB6-D5B6-476A-B5D2-C3B90536D965}.Debug|x64.ActiveCfg = Debug|x64
		{86649AB6-D5B6-476A-B5D2-C3B90536D965}.Debug|x64.Build.0 = Debug|x64
		{86649AB6-D5B6-476A-B5D2-C3B90536D965}.Debug|x86.ActiveCfg = Debug|Win32
		{86649AB6-D5B6-476A-B5D2-C3B90536D965}.Debug|x86.Build.0 = Debug|Win32
		{86649AB6-D5B6-476A-B5D2-C3B90536D965}.Release|x64.ActiveCfg = Release|x64
		{86649AB6-D5B6-476A-B5D2-C3B90536D965}.Release|x64.Build.0 = Release|x64
		{86649AB6-D5B6-476A-B5D2-C3B90536D965}.Release|x86.ActiveCfg = Release|Win32
		{86649AB6-D5B6-476A-B5D2-C3B90536D965}.Release|x86.Build.0 = Release|Win32
		{230C1B28-CABB-4FB8-BB59-86B9DD3CF3FB}.Debug|x64.ActiveCfg = Debug|x64
		{230C1B28-CABB-4FB8-BB59-86B9DD3CF3FB}.Debug|x64.Build.0 = Debug|x64
		{230C1B28-CABB-4FB8-BB59-86B9DD3CF3FB}.Debug|x86.ActiveCfg = Debug|Win32
		{230C1B28-CABB-4FB8-BB59-86B9DD3CF3FB}.Debug|x86.Build.0 = Debug|Win32
		{230C1B28-CABB-4FB8-BB59-86B9DD3CF3FB}.Release|x64.ActiveCfg = Release|x64
		{230C1B28-CABB-4FB8-BB59-86B9DD3CF3FB}.Release|x64.Build.0 = Release|x64
		{230C1B28-CABB-4FB8-BB59-86B9DD3CF3FB}.Release|x86.ActiveCfg = Release|Win32
		{230C1B28-CABB-4FB8-BB59-86B9DD3CF3FB}.Release|x86.Build.0 = Release|Win32
		{D63EC2C8-C1E0-49E2-B806-8690882F9C3B}.Debug|x64.ActiveCfg = Debug|x64
		{D63EC2C8-C1E0-49E2-B806-8690882F9C3B}.Debug|x64.Build.0 = Debug|x64
		{D63EC2C8-C1E0-49E2-B806-8690882F9C3B}.Debug|x86.ActiveCfg = Debug|Win32
		{D63EC2C8-C1E0-49E2-B806-8690882F9C3B}.Debug|x86.Build.0 = Debug|Win32
		{D63EC2C8-C1E0-49E2-B806-8690882F9C3B}.Release|x64.ActiveCfg = Release|x64
		{D63EC2C8-C1E0-49E2-B806-8690882F9C3B}.Release|x64.Build.0 = Release|x64
		{D63EC2C8-C1E0-49E2-B806-8690882F9C3B}.Release|x86.ActiveCfg = Release|Win32
		{D63EC2C8-C1E0-49E2-B806-8690882F9C3B}.Release|x86.Build.0 = Release|Win32
		{6ECE914A-3907-4A57-8F2E-26A1672FBB51}.Debug|x64.ActiveCfg = Debug|x64
		{6ECE914A-3907-4A57-8F2E-26A1672FBB51}.Debug|x64.Build.0 = Debug|x64
		{6ECE914A-3907-4A57-8F2E-26A1672FBB51}.Debug|x86.ActiveCfg = Debug|Win32
		{6ECE914A-3907-4A57-8F2E-26A1672FBB51}.Debug|x86.Build.0 = Debug|Win32
		{6ECE914A-3907-4A57-8F2E-26A1672FBB51}.Release|x64.ActiveCfg = Release|x64
		{6ECE914A-3907-4A57-8F2E-26A1672FBB51}.Release|x64.Build.0 = Release|x64
		{6ECE914A-3907-4A57-8F2E-26A1672FBB51}.Release|x86.ActiveCfg = Release|Win32
		{6ECE914A-3907-4A57-8F2E-26A1672FBB51}.Release|x86.Build.0 = Release|Win32
		{02B9BDA6-4E8E-40EF-91E5-F3EDC1867C68}.Debug|x64.ActiveCfg = Debug|x64
		{02B9BDA6-4E8E-40EF-91E5-F3EDC1867C68}.Debug|x64.Build.0 = Debug|x64
		{02B9BDA6-4E8E-40EF-91E5-F3EDC1867C68}.Debug|x86.ActiveCfg = Debug|Win32
		{02B9BDA6-4E8E-40EF-91E5-F3EDC1867C68}.Debug|x86.Build.0 = Debug|Win32
		{02B9BDA6-4E8E-40EF-91E5-F3EDC1867C68}.Release|x64.ActiveCfg = Release|x64
		{02B9BDA6-4E8E-40EF-91E5-F3EDC1867C68}.Release|x64.Build.0 = Release|x64
		{02B9BDA6-4E8E-40EF-91E5-F3EDC1867C68}.Release|x86.ActiveCfg = Release|Win32
		{02B9BDA6-4E8E-40EF-91E5-F3EDC1867C68}.Release|x86.Build.0 = Release|Win32
		{0A36E455-8756-466F-A906-5A3C4C54F9E0}.Debug|x64.ActiveCfg = Debug|x64
		{0A36E455-8756-466F-A906-5A3C4C54F9E0}.Debug|x64.Build.0 = Debug|x64
		{0A36E455-8756-466F-A906-5A3C4C54F9E0}.Debug|x86.ActiveCfg = Debug|Win32
		{0A36E455-8756-466F-A906-5A3C4C54F9E0}.Debug|x86.Build.0 = Debug|Win32
		{0A36E455-8756-466F-A906-5A3C4C54F9E0}.Release|x64.ActiveCfg = Release|x64
		{0A36E455-8756-466F-A906-5A3C4C54F9E0}.Release|x64.Build.0 = Release|x64
		{0A36E455-8756-466F-A906-5A3C4C54F9E0}.Release|x86.ActiveCfg = Release|Win32
		{0A36E455-8756-466F-A906-5A3C4C54F9E0}.Release|x86.Build.0 = Release|Win32
	EndGlobalSection
	GlobalSection(SolutionProperties) = preSolution
		HideSolutionNode = FALSE
	EndGlobalSection
	GlobalSection(ExtensibilityGlobals) = postSolution
		SolutionGuid = {12ED5F70-8238-4CC3-B062-FA143005EFD4}
	EndGlobalSection
EndGlobal
